
Microsoft Visual Studio Solution File, Format Version 12.00
# Visual Studio Version 16
VisualStudioVersion = 16.0.31410.357
MinimumVisualStudioVersion = 10.0.40219.1
Project("{9A19103F-16F7-4668-BE54-9A1E7A4F7556}") = "KocApp.Entities", "KocApp.Entities\KocApp.Entities.csproj", "{68496645-F30A-416A-B754-83DE9DD71B9C}"
EndProject
Project("{9A19103F-16F7-4668-BE54-9A1E7A4F7556}") = "KocApp.DataAccess", "KocApp.DataAccess\KocApp.DataAccess.csproj", "{4F1BADA4-8E6C-4039-B31D-252872BBE2EB}"
EndProject
Project("{FAE04EC0-301F-11D3-BF4B-00C04F79EFBC}") = "KocApp.Business", "KocApp.Business\KocApp.Business.csproj", "{FA17DC06-8500-4719-9965-3A03945A3342}"
EndProject
Project("{FAE04EC0-301F-11D3-BF4B-00C04F79EFBC}") = "KocApp.API", "KocApp.API\KocApp.API.csproj", "{B087AA50-4A17-412F-81CB-A56B65589A41}"
EndProject
Project("{FAE04EC0-301F-11D3-BF4B-00C04F79EFBC}") = "KocApp.Core", "KocApp.Core\KocApp.Core.csproj", "{01A8836E-5877-4AC9-9A83-A93C292A88E4}"
EndProject
Global
	GlobalSection(SolutionConfigurationPlatforms) = preSolution
		Debug|Any CPU = Debug|Any CPU
		Release|Any CPU = Release|Any CPU
	EndGlobalSection
	GlobalSection(ProjectConfigurationPlatforms) = postSolution
		{68496645-F30A-416A-B754-83DE9DD71B9C}.Debug|Any CPU.ActiveCfg = Debug|Any CPU
		{68496645-F30A-416A-B754-83DE9DD71B9C}.Debug|Any CPU.Build.0 = Debug|Any CPU
		{68496645-F30A-416A-B754-83DE9DD71B9C}.Release|Any CPU.ActiveCfg = Release|Any CPU
		{68496645-F30A-416A-B754-83DE9DD71B9C}.Release|Any CPU.Build.0 = Release|Any CPU
		{4F1BADA4-8E6C-4039-B31D-252872BBE2EB}.Debug|Any CPU.ActiveCfg = Debug|Any CPU
		{4F1BADA4-8E6C-4039-B31D-252872BBE2EB}.Debug|Any CPU.Build.0 = Debug|Any CPU
		{4F1BADA4-8E6C-4039-B31D-252872BBE2EB}.Release|Any CPU.ActiveCfg = Release|Any CPU
		{4F1BADA4-8E6C-4039-B31D-252872BBE2EB}.Release|Any CPU.Build.0 = Release|Any CPU
		{FA17DC06-8500-4719-9965-3A03945A3342}.Debug|Any CPU.ActiveCfg = Debug|Any CPU
		{FA17DC06-8500-4719-9965-3A03945A3342}.Debug|Any CPU.Build.0 = Debug|Any CPU
		{FA17DC06-8500-4719-9965-3A03945A3342}.Release|Any CPU.ActiveCfg = Release|Any CPU
		{FA17DC06-8500-4719-9965-3A03945A3342}.Release|Any CPU.Build.0 = Release|Any CPU
		{B087AA50-4A17-412F-81CB-A56B65589A41}.Debug|Any CPU.ActiveCfg = Debug|Any CPU
		{B087AA50-4A17-412F-81CB-A56B65589A41}.Debug|Any CPU.Build.0 = Debug|Any CPU
		{B087AA50-4A17-412F-81CB-A56B65589A41}.Release|Any CPU.ActiveCfg = Release|Any CPU
		{B087AA50-4A17-412F-81CB-A56B65589A41}.Release|Any CPU.Build.0 = Release|Any CPU
		{01A8836E-5877-4AC9-9A83-A93C292A88E4}.Debug|Any CPU.ActiveCfg = Debug|Any CPU
		{01A8836E-5877-4AC9-9A83-A93C292A88E4}.Debug|Any CPU.Build.0 = Debug|Any CPU
		{01A8836E-5877-4AC9-9A83-A93C292A88E4}.Release|Any CPU.ActiveCfg = Release|Any CPU
		{01A8836E-5877-4AC9-9A83-A93C292A88E4}.Release|Any CPU.Build.0 = Release|Any CPU
	EndGlobalSection
	GlobalSection(SolutionProperties) = preSolution
		HideSolutionNode = FALSE
	EndGlobalSection
	GlobalSection(ExtensibilityGlobals) = postSolution
		SolutionGuid = {243A8864-0751-4C90-B356-6923F5DE2731}
	EndGlobalSection
EndGlobal
